
Microsoft Visual Studio Solution File, Format Version 12.00
# Visual Studio Version 17
VisualStudioVersion = 17.8.34330.188
MinimumVisualStudioVersion = 10.0.40219.1
Project("{FAE04EC0-301F-11D3-BF4B-00C04F79EFBC}") = "enterprise_expenses", "enterprise_expenses\enterprise_expenses.csproj", "{FA2D83F0-AFBF-4096-9CD7-A27830202BB7}"
EndProject
Global
	GlobalSection(SolutionConfigurationPlatforms) = preSolution
		Debug|Any CPU = Debug|Any CPU
		Release|Any CPU = Release|Any CPU
	EndGlobalSection
	GlobalSection(ProjectConfigurationPlatforms) = postSolution
		{FA2D83F0-AFBF-4096-9CD7-A27830202BB7}.Debug|Any CPU.ActiveCfg = Debug|Any CPU
		{FA2D83F0-AFBF-4096-9CD7-A27830202BB7}.Debug|Any CPU.Build.0 = Debug|Any CPU
		{FA2D83F0-AFBF-4096-9CD7-A27830202BB7}.Release|Any CPU.ActiveCfg = Release|Any CPU
		{FA2D83F0-AFBF-4096-9CD7-A27830202BB7}.Release|Any CPU.Build.0 = Release|Any CPU
	EndGlobalSection
	GlobalSection(SolutionProperties) = preSolution
		HideSolutionNode = FALSE
	EndGlobalSection
	GlobalSection(ExtensibilityGlobals) = postSolution
		SolutionGuid = {B3F0741B-CEAC-4F3F-9138-A466D94C4BF0}
	EndGlobalSection
EndGlobal
